// !$*UTF8*$!
{
	archiveVersion = 1;
	classes = {
	};
	objectVersion = 47;
	objects = {

/* Begin PBXBuildFile section */
		2F872B501D16E28100B6D493 /* AppDelegate.swift in Sources */ = {isa = PBXBuildFile; fileRef = 2F872B4F1D16E28100B6D493 /* AppDelegate.swift */; };
		2F872B521D16E28100B6D493 /* ViewController.swift in Sources */ = {isa = PBXBuildFile; fileRef = 2F872B511D16E28100B6D493 /* ViewController.swift */; };
		2F872B551D16E28100B6D493 /* Main.storyboard in Resources */ = {isa = PBXBuildFile; fileRef = 2F872B531D16E28100B6D493 /* Main.storyboard */; };
		2F872B571D16E28100B6D493 /* Assets.xcassets in Resources */ = {isa = PBXBuildFile; fileRef = 2F872B561D16E28100B6D493 /* Assets.xcassets */; };
		2F872B5A1D16E28100B6D493 /* LaunchScreen.storyboard in Resources */ = {isa = PBXBuildFile; fileRef = 2F872B581D16E28100B6D493 /* LaunchScreen.storyboard */; };
		2F872B651D16E28100B6D493 /* Boom_AppTests.swift in Sources */ = {isa = PBXBuildFile; fileRef = 2F872B641D16E28100B6D493 /* Boom_AppTests.swift */; };
		2F872B701D16E28100B6D493 /* Boom_AppUITests.swift in Sources */ = {isa = PBXBuildFile; fileRef = 2F872B6F1D16E28100B6D493 /* Boom_AppUITests.swift */; };
/* End PBXBuildFile section */

/* Begin PBXContainerItemProxy section */
		2F872B611D16E28100B6D493 /* PBXContainerItemProxy */ = {
			isa = PBXContainerItemProxy;
			containerPortal = 2F872B441D16E28100B6D493 /* Project object */;
			proxyType = 1;
			remoteGlobalIDString = 2F872B4B1D16E28100B6D493;
			remoteInfo = "Boom App";
		};
		2F872B6C1D16E28100B6D493 /* PBXContainerItemProxy */ = {
			isa = PBXContainerItemProxy;
			containerPortal = 2F872B441D16E28100B6D493 /* Project object */;
			proxyType = 1;
			remoteGlobalIDString = 2F872B4B1D16E28100B6D493;
			remoteInfo = "Boom App";
		};
/* End PBXContainerItemProxy section */

/* Begin PBXFileReference section */
		2F872B4C1D16E28100B6D493 /* Boom App.app */ = {isa = PBXFileReference; explicitFileType = wrapper.application; includeInIndex = 0; path = "Boom App.app"; sourceTree = BUILT_PRODUCTS_DIR; };
		2F872B4F1D16E28100B6D493 /* AppDelegate.swift */ = {isa = PBXFileReference; lastKnownFileType = sourcecode.swift; path = AppDelegate.swift; sourceTree = "<group>"; };
		2F872B511D16E28100B6D493 /* ViewController.swift */ = {isa = PBXFileReference; lastKnownFileType = sourcecode.swift; path = ViewController.swift; sourceTree = "<group>"; };
		2F872B541D16E28100B6D493 /* Base */ = {isa = PBXFileReference; lastKnownFileType = file.storyboard; name = Base; path = Base.lproj/Main.storyboard; sourceTree = "<group>"; };
		2F872B561D16E28100B6D493 /* Assets.xcassets */ = {isa = PBXFileReference; lastKnownFileType = folder.assetcatalog; path = Assets.xcassets; sourceTree = "<group>"; };
		2F872B591D16E28100B6D493 /* Base */ = {isa = PBXFileReference; lastKnownFileType = file.storyboard; name = Base; path = Base.lproj/LaunchScreen.storyboard; sourceTree = "<group>"; };
		2F872B5B1D16E28100B6D493 /* Info.plist */ = {isa = PBXFileReference; lastKnownFileType = text.plist.xml; path = Info.plist; sourceTree = "<group>"; };
		2F872B601D16E28100B6D493 /* Boom AppTests.xctest */ = {isa = PBXFileReference; explicitFileType = wrapper.cfbundle; includeInIndex = 0; path = "Boom AppTests.xctest"; sourceTree = BUILT_PRODUCTS_DIR; };
		2F872B641D16E28100B6D493 /* Boom_AppTests.swift */ = {isa = PBXFileReference; lastKnownFileType = sourcecode.swift; path = Boom_AppTests.swift; sourceTree = "<group>"; };
		2F872B661D16E28100B6D493 /* Info.plist */ = {isa = PBXFileReference; lastKnownFileType = text.plist.xml; path = Info.plist; sourceTree = "<group>"; };
		2F872B6B1D16E28100B6D493 /* Boom AppUITests.xctest */ = {isa = PBXFileReference; explicitFileType = wrapper.cfbundle; includeInIndex = 0; path = "Boom AppUITests.xctest"; sourceTree = BUILT_PRODUCTS_DIR; };
		2F872B6F1D16E28100B6D493 /* Boom_AppUITests.swift */ = {isa = PBXFileReference; lastKnownFileType = sourcecode.swift; path = Boom_AppUITests.swift; sourceTree = "<group>"; };
		2F872B711D16E28100B6D493 /* Info.plist */ = {isa = PBXFileReference; lastKnownFileType = text.plist.xml; path = Info.plist; sourceTree = "<group>"; };
/* End PBXFileReference section */

/* Begin PBXFrameworksBuildPhase section */
		2F872B491D16E28100B6D493 /* Frameworks */ = {
			isa = PBXFrameworksBuildPhase;
			buildActionMask = 2147483647;
			files = (
			);
			runOnlyForDeploymentPostprocessing = 0;
		};
		2F872B5D1D16E28100B6D493 /* Frameworks */ = {
			isa = PBXFrameworksBuildPhase;
			buildActionMask = 2147483647;
			files = (
			);
			runOnlyForDeploymentPostprocessing = 0;
		};
		2F872B681D16E28100B6D493 /* Frameworks */ = {
			isa = PBXFrameworksBuildPhase;
			buildActionMask = 2147483647;
			files = (
			);
			runOnlyForDeploymentPostprocessing = 0;
		};
/* End PBXFrameworksBuildPhase section */

/* Begin PBXGroup section */
		2F872B431D16E28100B6D493 = {
			isa = PBXGroup;
			children = (
				2F872B4E1D16E28100B6D493 /* Boom App */,
				2F872B631D16E28100B6D493 /* Boom AppTests */,
				2F872B6E1D16E28100B6D493 /* Boom AppUITests */,
				2F872B4D1D16E28100B6D493 /* Products */,
			);
			sourceTree = "<group>";
		};
		2F872B4D1D16E28100B6D493 /* Products */ = {
			isa = PBXGroup;
			children = (
				2F872B4C1D16E28100B6D493 /* Boom App.app */,
				2F872B601D16E28100B6D493 /* Boom AppTests.xctest */,
				2F872B6B1D16E28100B6D493 /* Boom AppUITests.xctest */,
			);
			name = Products;
			sourceTree = "<group>";
		};
		2F872B4E1D16E28100B6D493 /* Boom App */ = {
			isa = PBXGroup;
			children = (
				2F872B4F1D16E28100B6D493 /* AppDelegate.swift */,
				2F872B511D16E28100B6D493 /* ViewController.swift */,
				2F872B531D16E28100B6D493 /* Main.storyboard */,
				2F872B561D16E28100B6D493 /* Assets.xcassets */,
				2F872B581D16E28100B6D493 /* LaunchScreen.storyboard */,
				2F872B5B1D16E28100B6D493 /* Info.plist */,
			);
			path = "Boom App";
			sourceTree = "<group>";
		};
		2F872B631D16E28100B6D493 /* Boom AppTests */ = {
			isa = PBXGroup;
			children = (
				2F872B641D16E28100B6D493 /* Boom_AppTests.swift */,
				2F872B661D16E28100B6D493 /* Info.plist */,
			);
			path = "Boom AppTests";
			sourceTree = "<group>";
		};
		2F872B6E1D16E28100B6D493 /* Boom AppUITests */ = {
			isa = PBXGroup;
			children = (
				2F872B6F1D16E28100B6D493 /* Boom_AppUITests.swift */,
				2F872B711D16E28100B6D493 /* Info.plist */,
			);
			path = "Boom AppUITests";
			sourceTree = "<group>";
		};
/* End PBXGroup section */

/* Begin PBXNativeTarget section */
		2F872B4B1D16E28100B6D493 /* Boom App */ = {
			isa = PBXNativeTarget;
			buildConfigurationList = 2F872B741D16E28100B6D493 /* Build configuration list for PBXNativeTarget "Boom App" */;
			buildPhases = (
				2F872B481D16E28100B6D493 /* Sources */,
				2F872B491D16E28100B6D493 /* Frameworks */,
				2F872B4A1D16E28100B6D493 /* Resources */,
			);
			buildRules = (
			);
			dependencies = (
			);
			name = "Boom App";
			productName = "Boom App";
			productReference = 2F872B4C1D16E28100B6D493 /* Boom App.app */;
			productType = "com.apple.product-type.application";
		};
		2F872B5F1D16E28100B6D493 /* Boom AppTests */ = {
			isa = PBXNativeTarget;
			buildConfigurationList = 2F872B771D16E28100B6D493 /* Build configuration list for PBXNativeTarget "Boom AppTests" */;
			buildPhases = (
				2F872B5C1D16E28100B6D493 /* Sources */,
				2F872B5D1D16E28100B6D493 /* Frameworks */,
				2F872B5E1D16E28100B6D493 /* Resources */,
			);
			buildRules = (
			);
			dependencies = (
				2F872B621D16E28100B6D493 /* PBXTargetDependency */,
			);
			name = "Boom AppTests";
			productName = "Boom AppTests";
			productReference = 2F872B601D16E28100B6D493 /* Boom AppTests.xctest */;
			productType = "com.apple.product-type.bundle.unit-test";
		};
		2F872B6A1D16E28100B6D493 /* Boom AppUITests */ = {
			isa = PBXNativeTarget;
			buildConfigurationList = 2F872B7A1D16E28100B6D493 /* Build configuration list for PBXNativeTarget "Boom AppUITests" */;
			buildPhases = (
				2F872B671D16E28100B6D493 /* Sources */,
				2F872B681D16E28100B6D493 /* Frameworks */,
				2F872B691D16E28100B6D493 /* Resources */,
			);
			buildRules = (
			);
			dependencies = (
				2F872B6D1D16E28100B6D493 /* PBXTargetDependency */,
			);
			name = "Boom AppUITests";
			productName = "Boom AppUITests";
			productReference = 2F872B6B1D16E28100B6D493 /* Boom AppUITests.xctest */;
			productType = "com.apple.product-type.bundle.ui-testing";
		};
/* End PBXNativeTarget section */

/* Begin PBXProject section */
		2F872B441D16E28100B6D493 /* Project object */ = {
			isa = PBXProject;
			attributes = {
				LastSwiftUpdateCheck = 0730;
				LastUpgradeCheck = 0730;
				ORGANIZATIONNAME = "Tyler Nielsen";
				TargetAttributes = {
					2F872B4B1D16E28100B6D493 = {
						CreatedOnToolsVersion = 7.3.1;
						DevelopmentTeam = N8S2JGDF6U;
					};
					2F872B5F1D16E28100B6D493 = {
						CreatedOnToolsVersion = 7.3.1;
						TestTargetID = 2F872B4B1D16E28100B6D493;
					};
					2F872B6A1D16E28100B6D493 = {
						CreatedOnToolsVersion = 7.3.1;
						TestTargetID = 2F872B4B1D16E28100B6D493;
					};
				};
			};
			buildConfigurationList = 2F872B471D16E28100B6D493 /* Build configuration list for PBXProject "Boom App" */;
			compatibilityVersion = "Xcode 6.3";
			developmentRegion = English;
			hasScannedForEncodings = 0;
			knownRegions = (
				en,
				Base,
			);
			mainGroup = 2F872B431D16E28100B6D493;
			productRefGroup = 2F872B4D1D16E28100B6D493 /* Products */;
			projectDirPath = "";
			projectRoot = "";
			targets = (
				2F872B4B1D16E28100B6D493 /* Boom App */,
				2F872B5F1D16E28100B6D493 /* Boom AppTests */,
				2F872B6A1D16E28100B6D493 /* Boom AppUITests */,
			);
		};
/* End PBXProject section */

/* Begin PBXResourcesBuildPhase section */
		2F872B4A1D16E28100B6D493 /* Resources */ = {
			isa = PBXResourcesBuildPhase;
			buildActionMask = 2147483647;
			files = (
				2F872B5A1D16E28100B6D493 /* LaunchScreen.storyboard in Resources */,
				2F872B571D16E28100B6D493 /* Assets.xcassets in Resources */,
				2F872B551D16E28100B6D493 /* Main.storyboard in Resources */,
			);
			runOnlyForDeploymentPostprocessing = 0;
		};
		2F872B5E1D16E28100B6D493 /* Resources */ = {
			isa = PBXResourcesBuildPhase;
			buildActionMask = 2147483647;
			files = (
			);
			runOnlyForDeploymentPostprocessing = 0;
		};
		2F872B691D16E28100B6D493 /* Resources */ = {
			isa = PBXResourcesBuildPhase;
			buildActionMask = 2147483647;
			files = (
			);
			runOnlyForDeploymentPostprocessing = 0;
		};
/* End PBXResourcesBuildPhase section */

/* Begin PBXSourcesBuildPhase section */
		2F872B481D16E28100B6D493 /* Sources */ = {
			isa = PBXSourcesBuildPhase;
			buildActionMask = 2147483647;
			files = (
				2F872B521D16E28100B6D493 /* ViewController.swift in Sources */,
				2F872B501D16E28100B6D493 /* AppDelegate.swift in Sources */,
			);
			runOnlyForDeploymentPostprocessing = 0;
		};
		2F872B5C1D16E28100B6D493 /* Sources */ = {
			isa = PBXSourcesBuildPhase;
			buildActionMask = 2147483647;
			files = (
				2F872B651D16E28100B6D493 /* Boom_AppTests.swift in Sources */,
			);
			runOnlyForDeploymentPostprocessing = 0;
		};
		2F872B671D16E28100B6D493 /* Sources */ = {
			isa = PBXSourcesBuildPhase;
			buildActionMask = 2147483647;
			files = (
				2F872B701D16E28100B6D493 /* Boom_AppUITests.swift in Sources */,
			);
			runOnlyForDeploymentPostprocessing = 0;
		};
/* End PBXSourcesBuildPhase section */

/* Begin PBXTargetDependency section */
		2F872B621D16E28100B6D493 /* PBXTargetDependency */ = {
			isa = PBXTargetDependency;
			target = 2F872B4B1D16E28100B6D493 /* Boom App */;
			targetProxy = 2F872B611D16E28100B6D493 /* PBXContainerItemProxy */;
		};
		2F872B6D1D16E28100B6D493 /* PBXTargetDependency */ = {
			isa = PBXTargetDependency;
			target = 2F872B4B1D16E28100B6D493 /* Boom App */;
			targetProxy = 2F872B6C1D16E28100B6D493 /* PBXContainerItemProxy */;
		};
/* End PBXTargetDependency section */

/* Begin PBXVariantGroup section */
		2F872B531D16E28100B6D493 /* Main.storyboard */ = {
			isa = PBXVariantGroup;
			children = (
				2F872B541D16E28100B6D493 /* Base */,
			);
			name = Main.storyboard;
			sourceTree = "<group>";
		};
		2F872B581D16E28100B6D493 /* LaunchScreen.storyboard */ = {
			isa = PBXVariantGroup;
			children = (
				2F872B591D16E28100B6D493 /* Base */,
			);
			name = LaunchScreen.storyboard;
			sourceTree = "<group>";
		};
/* End PBXVariantGroup section */

/* Begin XCBuildConfiguration section */
		2F872B721D16E28100B6D493 /* Debug */ = {
			isa = XCBuildConfiguration;
			buildSettings = {
				ALWAYS_SEARCH_USER_PATHS = NO;
				CLANG_ANALYZER_NONNULL = YES;
				CLANG_CXX_LANGUAGE_STANDARD = "gnu++0x";
				CLANG_CXX_LIBRARY = "libc++";
				CLANG_ENABLE_MODULES = YES;
				CLANG_ENABLE_OBJC_ARC = YES;
				CLANG_WARN_BOOL_CONVERSION = YES;
				CLANG_WARN_CONSTANT_CONVERSION = YES;
				CLANG_WARN_DIRECT_OBJC_ISA_USAGE = YES_ERROR;
				CLANG_WARN_EMPTY_BODY = YES;
				CLANG_WARN_ENUM_CONVERSION = YES;
				CLANG_WARN_INT_CONVERSION = YES;
				CLANG_WARN_OBJC_ROOT_CLASS = YES_ERROR;
				CLANG_WARN_UNREACHABLE_CODE = YES;
				CLANG_WARN__DUPLICATE_METHOD_MATCH = YES;
				"CODE_SIGN_IDENTITY[sdk=iphoneos*]" = "iPhone Developer";
				COPY_PHASE_STRIP = NO;
				DEBUG_INFORMATION_FORMAT = dwarf;
				ENABLE_STRICT_OBJC_MSGSEND = YES;
				ENABLE_TESTABILITY = YES;
				GCC_C_LANGUAGE_STANDARD = gnu99;
				GCC_DYNAMIC_NO_PIC = NO;
				GCC_NO_COMMON_BLOCKS = YES;
				GCC_OPTIMIZATION_LEVEL = 0;
				GCC_PREPROCESSOR_DEFINITIONS = (
					"DEBUG=1",
					"$(inherited)",
				);
				GCC_WARN_64_TO_32_BIT_CONVERSION = YES;
				GCC_WARN_ABOUT_RETURN_TYPE = YES_ERROR;
				GCC_WARN_UNDECLARED_SELECTOR = YES;
				GCC_WARN_UNINITIALIZED_AUTOS = YES_AGGRESSIVE;
				GCC_WARN_UNUSED_FUNCTION = YES;
				GCC_WARN_UNUSED_VARIABLE = YES;
				IPHONEOS_DEPLOYMENT_TARGET = 9.3;
				MTL_ENABLE_DEBUG_INFO = YES;
				ONLY_ACTIVE_ARCH = YES;
				SDKROOT = iphoneos;
				SWIFT_OPTIMIZATION_LEVEL = "-Onone";
			};
			name = Debug;
		};
		2F872B731D16E28100B6D493 /* Release */ = {
			isa = XCBuildConfiguration;
			buildSettings = {
				ALWAYS_SEARCH_USER_PATHS = NO;
				CLANG_ANALYZER_NONNULL = YES;
				CLANG_CXX_LANGUAGE_STANDARD = "gnu++0x";
				CLANG_CXX_LIBRARY = "libc++";
				CLANG_ENABLE_MODULES = YES;
				CLANG_ENABLE_OBJC_ARC = YES;
				CLANG_WARN_BOOL_CONVERSION = YES;
				CLANG_WARN_CONSTANT_CONVERSION = YES;
				CLANG_WARN_DIRECT_OBJC_ISA_USAGE = YES_ERROR;
				CLANG_WARN_EMPTY_BODY = YES;
				CLANG_WARN_ENUM_CONVERSION = YES;
				CLANG_WARN_INT_CONVERSION = YES;
				CLANG_WARN_OBJC_ROOT_CLASS = YES_ERROR;
				CLANG_WARN_UNREACHABLE_CODE = YES;
				CLANG_WARN__DUPLICATE_METHOD_MATCH = YES;
				"CODE_SIGN_IDENTITY[sdk=iphoneos*]" = "iPhone Developer";
				COPY_PHASE_STRIP = NO;
				DEBUG_INFORMATION_FORMAT = "dwarf-with-dsym";
				ENABLE_NS_ASSERTIONS = NO;
				ENABLE_STRICT_OBJC_MSGSEND = YES;
				GCC_C_LANGUAGE_STANDARD = gnu99;
				GCC_NO_COMMON_BLOCKS = YES;
				GCC_WARN_64_TO_32_BIT_CONVERSION = YES;
				GCC_WARN_ABOUT_RETURN_TYPE = YES_ERROR;
				GCC_WARN_UNDECLARED_SELECTOR = YES;
				GCC_WARN_UNINITIALIZED_AUTOS = YES_AGGRESSIVE;
				GCC_WARN_UNUSED_FUNCTION = YES;
				GCC_WARN_UNUSED_VARIABLE = YES;
				IPHONEOS_DEPLOYMENT_TARGET = 9.3;
				MTL_ENABLE_DEBUG_INFO = NO;
				SDKROOT = iphoneos;
				VALIDATE_PRODUCT = YES;
			};
			name = Release;
		};
		2F872B751D16E28100B6D493 /* Debug */ = {
			isa = XCBuildConfiguration;
			buildSettings = {
				ASSETCATALOG_COMPILER_APPICON_NAME = AppIcon;
				CODE_SIGN_IDENTITY = "iPhone Developer";
				"CODE_SIGN_IDENTITY[sdk=iphoneos*]" = "iPhone Developer";
				INFOPLIST_FILE = "Boom App/Info.plist";
				LD_RUNPATH_SEARCH_PATHS = "$(inherited) @executable_path/Frameworks";
				PRODUCT_BUNDLE_IDENTIFIER = "com.nielsendev.Boom-App";
				PRODUCT_NAME = "$(TARGET_NAME)";
				PROVISIONING_PROFILE = "";
			};
			name = Debug;
		};
		2F872B761D16E28100B6D493 /* Release */ = {
			isa = XCBuildConfiguration;
			buildSettings = {
				ASSETCATALOG_COMPILER_APPICON_NAME = AppIcon;
				CODE_SIGN_IDENTITY = "iPhone Developer";
				"CODE_SIGN_IDENTITY[sdk=iphoneos*]" = "iPhone Developer";
				INFOPLIST_FILE = "Boom App/Info.plist";
				LD_RUNPATH_SEARCH_PATHS = "$(inherited) @executable_path/Frameworks";
				PRODUCT_BUNDLE_IDENTIFIER = "com.nielsendev.Boom-App";
				PRODUCT_NAME = "$(TARGET_NAME)";
				PROVISIONING_PROFILE = "";
			};
			name = Release;
		};
		2F872B781D16E28100B6D493 /* Debug */ = {
			isa = XCBuildConfiguration;
			buildSettings = {
				BUNDLE_LOADER = "$(TEST_HOST)";
				INFOPLIST_FILE = "Boom AppTests/Info.plist";
				LD_RUNPATH_SEARCH_PATHS = "$(inherited) @executable_path/Frameworks @loader_path/Frameworks";
				PRODUCT_BUNDLE_IDENTIFIER = "com.nielsendev.Boom-AppTests";
				PRODUCT_NAME = "$(TARGET_NAME)";
				TEST_HOST = "$(BUILT_PRODUCTS_DIR)/Boom App.app/Boom App";
			};
			name = Debug;
		};
		2F872B791D16E28100B6D493 /* Release */ = {
			isa = XCBuildConfiguration;
			buildSettings = {
				BUNDLE_LOADER = "$(TEST_HOST)";
				INFOPLIST_FILE = "Boom AppTests/Info.plist";
				LD_RUNPATH_SEARCH_PATHS = "$(inherited) @executable_path/Frameworks @loader_path/Frameworks";
				PRODUCT_BUNDLE_IDENTIFIER = "com.nielsendev.Boom-AppTests";
				PRODUCT_NAME = "$(TARGET_NAME)";
				TEST_HOST = "$(BUILT_PRODUCTS_DIR)/Boom App.app/Boom App";
			};
			name = Release;
		};
		2F872B7B1D16E28100B6D493 /* Debug */ = {
			isa = XCBuildConfiguration;
			buildSettings = {
				INFOPLIST_FILE = "Boom AppUITests/Info.plist";
				LD_RUNPATH_SEARCH_PATHS = "$(inherited) @executable_path/Frameworks @loader_path/Frameworks";
				PRODUCT_BUNDLE_IDENTIFIER = "com.nielsendev.Boom-AppUITests";
				PRODUCT_NAME = "$(TARGET_NAME)";
				TEST_TARGET_NAME = "Boom App";
			};
			name = Debug;
		};
		2F872B7C1D16E28100B6D493 /* Release */ = {
			isa = XCBuildConfiguration;
			buildSettings = {
				INFOPLIST_FILE = "Boom AppUITests/Info.plist";
				LD_RUNPATH_SEARCH_PATHS = "$(inherited) @executable_path/Frameworks @loader_path/Frameworks";
				PRODUCT_BUNDLE_IDENTIFIER = "com.nielsendev.Boom-AppUITests";
				PRODUCT_NAME = "$(TARGET_NAME)";
				TEST_TARGET_NAME = "Boom App";
			};
			name = Release;
		};
/* End XCBuildConfiguration section */

/* Begin XCConfigurationList section */
		2F872B471D16E28100B6D493 /* Build configuration list for PBXProject "Boom App" */ = {
			isa = XCConfigurationList;
			buildConfigurations = (
				2F872B721D16E28100B6D493 /* Debug */,
				2F872B731D16E28100B6D493 /* Release */,
			);
			defaultConfigurationIsVisible = 0;
			defaultConfigurationName = Release;
		};
		2F872B741D16E28100B6D493 /* Build configuration list for PBXNativeTarget "Boom App" */ = {
			isa = XCConfigurationList;
			buildConfigurations = (
				2F872B751D16E28100B6D493 /* Debug */,
				2F872B761D16E28100B6D493 /* Release */,
			);
			defaultConfigurationIsVisible = 0;
		};
		2F872B771D16E28100B6D493 /* Build configuration list for PBXNativeTarget "Boom AppTests" */ = {
			isa = XCConfigurationList;
			buildConfigurations = (
				2F872B781D16E28100B6D493 /* Debug */,
				2F872B791D16E28100B6D493 /* Release */,
			);
			defaultConfigurationIsVisible = 0;
		};
		2F872B7A1D16E28100B6D493 /* Build configuration list for PBXNativeTarget "Boom AppUITests" */ = {
			isa = XCConfigurationList;
			buildConfigurations = (
				2F872B7B1D16E28100B6D493 /* Debug */,
				2F872B7C1D16E28100B6D493 /* Release */,
			);
			defaultConfigurationIsVisible = 0;
		};
/* End XCConfigurationList section */
	};
	rootObject = 2F872B441D16E28100B6D493 /* Project object */;
}
